
Microsoft Visual Studio Solution File, Format Version 12.00
# Visual Studio Version 17
VisualStudioVersion = 17.9.34728.123
MinimumVisualStudioVersion = 10.0.40219.1
Project("{8BC9CEB8-8B4A-11D0-8D11-00A0C91BC942}") = "mt", "mt.vcxproj", "{F6674F78-CF54-48F5-BBE5-119B22A931D5}"
EndProject
Global
	GlobalSection(SolutionConfigurationPlatforms) = preSolution
		Debug|x64 = Debug|x64
		Release|x64 = Release|x64
	EndGlobalSection
	GlobalSection(ProjectConfigurationPlatforms) = postSolution
		{F6674F78-CF54-48F5-BBE5-119B22A931D5}.Debug|x64.ActiveCfg = Debug|x64
		{F6674F78-CF54-48F5-BBE5-119B22A931D5}.Debug|x64.Build.0 = Debug|x64
		{F6674F78-CF54-48F5-BBE5-119B22A931D5}.Release|x64.ActiveCfg = Release|x64
		{F6674F78-CF54-48F5-BBE5-119B22A931D5}.Release|x64.Build.0 = Release|x64
	EndGlobalSection
	GlobalSection(SolutionProperties) = preSolution
		HideSolutionNode = FALSE
	EndGlobalSection
	GlobalSection(ExtensibilityGlobals) = postSolution
		SolutionGuid = {1154C7C3-0506-4FD3-B1E0-69EABBDDA7C9}
	EndGlobalSection
EndGlobal
